<Solution>
  <Folder Name="/src/">
    <Project Path="src/PayBeat.App/PayBeat.App.csproj" />
  </Folder>
  <Folder Name="/tests/">
    <Project Path="tests/PayBeat.Tests/PayBeat.Tests.csproj" />
  </Folder>
  <Folder Name="/assets/">
    <File Path="CLAUDE.md" />
    <File Path="Directory.Build.props" />
    <File Path="Directory.Packages.props" />
    <File Path="global.json" />
    <File Path="nuget.config" />
    <File Path="README.md" />
  </Folder>
  <Folder Name="/.github/">
    <File Path=".github/workflows/ci.yml" />
  </Folder>
</Solution>
